
Microsoft Visual Studio Solution File, Format Version 12.00
# Visual Studio Version 17
VisualStudioVersion = 17.9.34728.123
MinimumVisualStudioVersion = 10.0.40219.1
Project("{FAE04EC0-301F-11D3-BF4B-00C04F79EFBC}") = "FashionHub.API", "FashionHub.API\FashionHub.API.csproj", "{B8D3DE9E-DD9B-40F3-B93B-29EBE0F7925B}"
EndProject
Global
	GlobalSection(SolutionConfigurationPlatforms) = preSolution
		Debug|Any CPU = Debug|Any CPU
		Release|Any CPU = Release|Any CPU
	EndGlobalSection
	GlobalSection(ProjectConfigurationPlatforms) = postSolution
		{B8D3DE9E-DD9B-40F3-B93B-29EBE0F7925B}.Debug|Any CPU.ActiveCfg = Debug|Any CPU
		{B8D3DE9E-DD9B-40F3-B93B-29EBE0F7925B}.Debug|Any CPU.Build.0 = Debug|Any CPU
		{B8D3DE9E-DD9B-40F3-B93B-29EBE0F7925B}.Release|Any CPU.ActiveCfg = Release|Any CPU
		{B8D3DE9E-DD9B-40F3-B93B-29EBE0F7925B}.Release|Any CPU.Build.0 = Release|Any CPU
	EndGlobalSection
	GlobalSection(SolutionProperties) = preSolution
		HideSolutionNode = FALSE
	EndGlobalSection
	GlobalSection(ExtensibilityGlobals) = postSolution
		SolutionGuid = {5B2A52F3-4441-4848-8520-34DB3DD0DFD5}
	EndGlobalSection
EndGlobal
